
Microsoft Visual Studio Solution File, Format Version 12.00
# Visual Studio Version 16
VisualStudioVersion = 16.0.31410.357
MinimumVisualStudioVersion = 10.0.40219.1
Project("{FAE04EC0-301F-11D3-BF4B-00C04F79EFBC}") = "verificaIban", "verificaIban\verificaIban.csproj", "{44A8A73E-8F81-4688-AE9F-F4E1277F05F1}"
EndProject
Project("{FAE04EC0-301F-11D3-BF4B-00C04F79EFBC}") = "fattoriale", "fattoriale\fattoriale.csproj", "{AA7FA3A2-A308-4B10-A59A-FCBC7B1A6258}"
EndProject
Project("{FAE04EC0-301F-11D3-BF4B-00C04F79EFBC}") = "fibonacci", "fibonacci\fibonacci.csproj", "{EC8F493B-EA0F-4A13-AF09-7C669A65F83F}"
EndProject
Project("{FAE04EC0-301F-11D3-BF4B-00C04F79EFBC}") = "interessi", "interessi\interessi.csproj", "{A9A5809E-ABBF-49F3-8EB2-6381FDA3679B}"
EndProject
Project("{FAE04EC0-301F-11D3-BF4B-00C04F79EFBC}") = "media", "media\media.csproj", "{6DB29901-8F9D-43ED-B70F-11514D36C084}"
EndProject
Global
	GlobalSection(SolutionConfigurationPlatforms) = preSolution
		Debug|Any CPU = Debug|Any CPU
		Release|Any CPU = Release|Any CPU
	EndGlobalSection
	GlobalSection(ProjectConfigurationPlatforms) = postSolution
		{44A8A73E-8F81-4688-AE9F-F4E1277F05F1}.Debug|Any CPU.ActiveCfg = Debug|Any CPU
		{44A8A73E-8F81-4688-AE9F-F4E1277F05F1}.Debug|Any CPU.Build.0 = Debug|Any CPU
		{44A8A73E-8F81-4688-AE9F-F4E1277F05F1}.Release|Any CPU.ActiveCfg = Release|Any CPU
		{44A8A73E-8F81-4688-AE9F-F4E1277F05F1}.Release|Any CPU.Build.0 = Release|Any CPU
		{AA7FA3A2-A308-4B10-A59A-FCBC7B1A6258}.Debug|Any CPU.ActiveCfg = Debug|Any CPU
		{AA7FA3A2-A308-4B10-A59A-FCBC7B1A6258}.Debug|Any CPU.Build.0 = Debug|Any CPU
		{AA7FA3A2-A308-4B10-A59A-FCBC7B1A6258}.Release|Any CPU.ActiveCfg = Release|Any CPU
		{AA7FA3A2-A308-4B10-A59A-FCBC7B1A6258}.Release|Any CPU.Build.0 = Release|Any CPU
		{EC8F493B-EA0F-4A13-AF09-7C669A65F83F}.Debug|Any CPU.ActiveCfg = Debug|Any CPU
		{EC8F493B-EA0F-4A13-AF09-7C669A65F83F}.Debug|Any CPU.Build.0 = Debug|Any CPU
		{EC8F493B-EA0F-4A13-AF09-7C669A65F83F}.Release|Any CPU.ActiveCfg = Release|Any CPU
		{EC8F493B-EA0F-4A13-AF09-7C669A65F83F}.Release|Any CPU.Build.0 = Release|Any CPU
		{A9A5809E-ABBF-49F3-8EB2-6381FDA3679B}.Debug|Any CPU.ActiveCfg = Debug|Any CPU
		{A9A5809E-ABBF-49F3-8EB2-6381FDA3679B}.Debug|Any CPU.Build.0 = Debug|Any CPU
		{A9A5809E-ABBF-49F3-8EB2-6381FDA3679B}.Release|Any CPU.ActiveCfg = Release|Any CPU
		{A9A5809E-ABBF-49F3-8EB2-6381FDA3679B}.Release|Any CPU.Build.0 = Release|Any CPU
		{6DB29901-8F9D-43ED-B70F-11514D36C084}.Debug|Any CPU.ActiveCfg = Debug|Any CPU
		{6DB29901-8F9D-43ED-B70F-11514D36C084}.Debug|Any CPU.Build.0 = Debug|Any CPU
		{6DB29901-8F9D-43ED-B70F-11514D36C084}.Release|Any CPU.ActiveCfg = Release|Any CPU
		{6DB29901-8F9D-43ED-B70F-11514D36C084}.Release|Any CPU.Build.0 = Release|Any CPU
	EndGlobalSection
	GlobalSection(SolutionProperties) = preSolution
		HideSolutionNode = FALSE
	EndGlobalSection
	GlobalSection(ExtensibilityGlobals) = postSolution
		SolutionGuid = {4C3C4DE8-EC7C-4A7C-AAC7-2C390CCE60AC}
	EndGlobalSection
EndGlobal
